// !$*UTF8*$!
{
	archiveVersion = 1;
	classes = {
	};
	objectVersion = 48;
	objects = {

/* Begin PBXBuildFile section */
		6DB0E46EA1130B4B811B7DF7 /* Pods_GoogleAdMobDemo.framework in Frameworks */ = {isa = PBXBuildFile; fileRef = 442B54FF091025629AE5CB44 /* Pods_GoogleAdMobDemo.framework */; };
		980595771FDFB7580056E84D /* AppDelegate.swift in Sources */ = {isa = PBXBuildFile; fileRef = 980595761FDFB7580056E84D /* AppDelegate.swift */; };
		9805957C1FDFB7580056E84D /* Main.storyboard in Resources */ = {isa = PBXBuildFile; fileRef = 9805957A1FDFB7580056E84D /* Main.storyboard */; };
		9805957E1FDFB7580056E84D /* Assets.xcassets in Resources */ = {isa = PBXBuildFile; fileRef = 9805957D1FDFB7580056E84D /* Assets.xcassets */; };
		980595811FDFB7580056E84D /* LaunchScreen.storyboard in Resources */ = {isa = PBXBuildFile; fileRef = 9805957F1FDFB7580056E84D /* LaunchScreen.storyboard */; };
		980595891FDFF4870056E84D /* NewTableViewCell.swift in Sources */ = {isa = PBXBuildFile; fileRef = 980595881FDFF4870056E84D /* NewTableViewCell.swift */; };
		9805958B1FDFF85A0056E84D /* ViewController.swift in Sources */ = {isa = PBXBuildFile; fileRef = 9805958A1FDFF85A0056E84D /* ViewController.swift */; };
		987271261FE282CE0065A97D /* StoreKit.framework in Frameworks */ = {isa = PBXBuildFile; fileRef = 987271251FE282CE0065A97D /* StoreKit.framework */; };
		987271281FE282DD0065A97D /* CoreMotion.framework in Frameworks */ = {isa = PBXBuildFile; fileRef = 987271271FE282DD0065A97D /* CoreMotion.framework */; };
		9872712A1FE282E90065A97D /* AdSupport.framework in Frameworks */ = {isa = PBXBuildFile; fileRef = 987271291FE282E90065A97D /* AdSupport.framework */; };
		987271391FE2853F0065A97D /* SampleCell.swift in Sources */ = {isa = PBXBuildFile; fileRef = 987271351FE2853F0065A97D /* SampleCell.swift */; };
		9872713B1FE2853F0065A97D /* FullScreenAdsViewController.swift in Sources */ = {isa = PBXBuildFile; fileRef = 987271371FE2853F0065A97D /* FullScreenAdsViewController.swift */; };
		9872713C1FE2853F0065A97D /* TableViewAdsViewController.swift in Sources */ = {isa = PBXBuildFile; fileRef = 987271381FE2853F0065A97D /* TableViewAdsViewController.swift */; };
		9872713E1FE285A10065A97D /* SampleCell.xib in Resources */ = {isa = PBXBuildFile; fileRef = 9872713D1FE285A00065A97D /* SampleCell.xib */; };
		987271401FE285C50065A97D /* SingleAdsViewController.swift in Sources */ = {isa = PBXBuildFile; fileRef = 9872713F1FE285C50065A97D /* SingleAdsViewController.swift */; };
		987271491FE2916C0065A97D /* GoogleAdMobDemo-Bridging-Header.h in Sources */ = {isa = PBXBuildFile; fileRef = 987271481FE291340065A97D /* GoogleAdMobDemo-Bridging-Header.h */; };
/* End PBXBuildFile section */

/* Begin PBXFileReference section */
		028BB309F5D66A9D01875450 /* Pods-GoogleAdMobDemo.debug.xcconfig */ = {isa = PBXFileReference; includeInIndex = 1; lastKnownFileType = text.xcconfig; name = "Pods-GoogleAdMobDemo.debug.xcconfig"; path = "Pods/Target Support Files/Pods-GoogleAdMobDemo/Pods-GoogleAdMobDemo.debug.xcconfig"; sourceTree = "<group>"; };
		442B54FF091025629AE5CB44 /* Pods_GoogleAdMobDemo.framework */ = {isa = PBXFileReference; explicitFileType = wrapper.framework; includeInIndex = 0; path = Pods_GoogleAdMobDemo.framework; sourceTree = BUILT_PRODUCTS_DIR; };
		4AE3609B462CA2DC53E9D655 /* Pods-GoogleAdMobDemo.release.xcconfig */ = {isa = PBXFileReference; includeInIndex = 1; lastKnownFileType = text.xcconfig; name = "Pods-GoogleAdMobDemo.release.xcconfig"; path = "Pods/Target Support Files/Pods-GoogleAdMobDemo/Pods-GoogleAdMobDemo.release.xcconfig"; sourceTree = "<group>"; };
		980595731FDFB7580056E84D /* GoogleAdMobDemo.app */ = {isa = PBXFileReference; explicitFileType = wrapper.application; includeInIndex = 0; path = GoogleAdMobDemo.app; sourceTree = BUILT_PRODUCTS_DIR; };
		980595761FDFB7580056E84D /* AppDelegate.swift */ = {isa = PBXFileReference; lastKnownFileType = sourcecode.swift; path = AppDelegate.swift; sourceTree = "<group>"; };
		9805957B1FDFB7580056E84D /* Base */ = {isa = PBXFileReference; lastKnownFileType = file.storyboard; name = Base; path = Base.lproj/Main.storyboard; sourceTree = "<group>"; };
		9805957D1FDFB7580056E84D /* Assets.xcassets */ = {isa = PBXFileReference; lastKnownFileType = folder.assetcatalog; path = Assets.xcassets; sourceTree = "<group>"; };
		980595801FDFB7580056E84D /* Base */ = {isa = PBXFileReference; lastKnownFileType = file.storyboard; name = Base; path = Base.lproj/LaunchScreen.storyboard; sourceTree = "<group>"; };
		980595821FDFB7580056E84D /* Info.plist */ = {isa = PBXFileReference; lastKnownFileType = text.plist.xml; path = Info.plist; sourceTree = "<group>"; };
		980595881FDFF4870056E84D /* NewTableViewCell.swift */ = {isa = PBXFileReference; lastKnownFileType = sourcecode.swift; path = NewTableViewCell.swift; sourceTree = "<group>"; };
		9805958A1FDFF85A0056E84D /* ViewController.swift */ = {isa = PBXFileReference; fileEncoding = 4; lastKnownFileType = sourcecode.swift; path = ViewController.swift; sourceTree = "<group>"; };
		987271251FE282CE0065A97D /* StoreKit.framework */ = {isa = PBXFileReference; lastKnownFileType = wrapper.framework; name = StoreKit.framework; path = System/Library/Frameworks/StoreKit.framework; sourceTree = SDKROOT; };
		987271271FE282DD0065A97D /* CoreMotion.framework */ = {isa = PBXFileReference; lastKnownFileType = wrapper.framework; name = CoreMotion.framework; path = System/Library/Frameworks/CoreMotion.framework; sourceTree = SDKROOT; };
		987271291FE282E90065A97D /* AdSupport.framework */ = {isa = PBXFileReference; lastKnownFileType = wrapper.framework; name = AdSupport.framework; path = System/Library/Frameworks/AdSupport.framework; sourceTree = SDKROOT; };
		987271351FE2853F0065A97D /* SampleCell.swift */ = {isa = PBXFileReference; fileEncoding = 4; lastKnownFileType = sourcecode.swift; path = SampleCell.swift; sourceTree = "<group>"; };
		987271371FE2853F0065A97D /* FullScreenAdsViewController.swift */ = {isa = PBXFileReference; fileEncoding = 4; lastKnownFileType = sourcecode.swift; path = FullScreenAdsViewController.swift; sourceTree = "<group>"; };
		987271381FE2853F0065A97D /* TableViewAdsViewController.swift */ = {isa = PBXFileReference; fileEncoding = 4; lastKnownFileType = sourcecode.swift; path = TableViewAdsViewController.swift; sourceTree = "<group>"; };
		9872713D1FE285A00065A97D /* SampleCell.xib */ = {isa = PBXFileReference; fileEncoding = 4; lastKnownFileType = file.xib; path = SampleCell.xib; sourceTree = "<group>"; };
		9872713F1FE285C50065A97D /* SingleAdsViewController.swift */ = {isa = PBXFileReference; fileEncoding = 4; lastKnownFileType = sourcecode.swift; path = SingleAdsViewController.swift; sourceTree = "<group>"; };
		987271481FE291340065A97D /* GoogleAdMobDemo-Bridging-Header.h */ = {isa = PBXFileReference; lastKnownFileType = sourcecode.c.h; path = "GoogleAdMobDemo-Bridging-Header.h"; sourceTree = "<group>"; };
/* End PBXFileReference section */

/* Begin PBXFrameworksBuildPhase section */
		980595701FDFB7580056E84D /* Frameworks */ = {
			isa = PBXFrameworksBuildPhase;
			buildActionMask = 2147483647;
			files = (
				9872712A1FE282E90065A97D /* AdSupport.framework in Frameworks */,
				987271281FE282DD0065A97D /* CoreMotion.framework in Frameworks */,
				987271261FE282CE0065A97D /* StoreKit.framework in Frameworks */,
				6DB0E46EA1130B4B811B7DF7 /* Pods_GoogleAdMobDemo.framework in Frameworks */,
			);
			runOnlyForDeploymentPostprocessing = 0;
		};
/* End PBXFrameworksBuildPhase section */

/* Begin PBXGroup section */
		9805956A1FDFB7580056E84D = {
			isa = PBXGroup;
			children = (
				980595751FDFB7580056E84D /* GoogleAdMobDemo */,
				980595741FDFB7580056E84D /* Products */,
				A74E2681F0F0EE709099F7E5 /* Pods */,
				9D24258B22BDF8CDDBE8C380 /* Frameworks */,
			);
			sourceTree = "<group>";
		};
		980595741FDFB7580056E84D /* Products */ = {
			isa = PBXGroup;
			children = (
				980595731FDFB7580056E84D /* GoogleAdMobDemo.app */,
			);
			name = Products;
			sourceTree = "<group>";
		};
		980595751FDFB7580056E84D /* GoogleAdMobDemo */ = {
			isa = PBXGroup;
			children = (
				987271481FE291340065A97D /* GoogleAdMobDemo-Bridging-Header.h */,
				980595761FDFB7580056E84D /* AppDelegate.swift */,
				9805958A1FDFF85A0056E84D /* ViewController.swift */,
				9805957A1FDFB7580056E84D /* Main.storyboard */,
				987271411FE287990065A97D /* FBAds */,
				9805957D1FDFB7580056E84D /* Assets.xcassets */,
				9805957F1FDFB7580056E84D /* LaunchScreen.storyboard */,
				980595821FDFB7580056E84D /* Info.plist */,
			);
			path = GoogleAdMobDemo;
			sourceTree = "<group>";
		};
		987271411FE287990065A97D /* FBAds */ = {
			isa = PBXGroup;
			children = (
				9872713D1FE285A00065A97D /* SampleCell.xib */,
				987271371FE2853F0065A97D /* FullScreenAdsViewController.swift */,
				9872713F1FE285C50065A97D /* SingleAdsViewController.swift */,
				987271351FE2853F0065A97D /* SampleCell.swift */,
				987271381FE2853F0065A97D /* TableViewAdsViewController.swift */,
				980595881FDFF4870056E84D /* NewTableViewCell.swift */,
			);
			path = FBAds;
			sourceTree = "<group>";
		};
		9D24258B22BDF8CDDBE8C380 /* Frameworks */ = {
			isa = PBXGroup;
			children = (
				987271291FE282E90065A97D /* AdSupport.framework */,
				987271271FE282DD0065A97D /* CoreMotion.framework */,
				987271251FE282CE0065A97D /* StoreKit.framework */,
				442B54FF091025629AE5CB44 /* Pods_GoogleAdMobDemo.framework */,
			);
			name = Frameworks;
			sourceTree = "<group>";
		};
		A74E2681F0F0EE709099F7E5 /* Pods */ = {
			isa = PBXGroup;
			children = (
				028BB309F5D66A9D01875450 /* Pods-GoogleAdMobDemo.debug.xcconfig */,
				4AE3609B462CA2DC53E9D655 /* Pods-GoogleAdMobDemo.release.xcconfig */,
			);
			name = Pods;
			sourceTree = "<group>";
		};
/* End PBXGroup section */

/* Begin PBXNativeTarget section */
		980595721FDFB7580056E84D /* GoogleAdMobDemo */ = {
			isa = PBXNativeTarget;
			buildConfigurationList = 980595851FDFB7580056E84D /* Build configuration list for PBXNativeTarget "GoogleAdMobDemo" */;
			buildPhases = (
				7226710BD18FBE4C27838DD4 /* [CP] Check Pods Manifest.lock */,
				9805956F1FDFB7580056E84D /* Sources */,
				980595701FDFB7580056E84D /* Frameworks */,
				980595711FDFB7580056E84D /* Resources */,
				4F6CC30736BE5C0C741528B8 /* [CP] Embed Pods Frameworks */,
				C3F92C170F12FCC40D294D29 /* [CP] Copy Pods Resources */,
			);
			buildRules = (
			);
			dependencies = (
			);
			name = GoogleAdMobDemo;
			productName = GoogleAdMobDemo;
			productReference = 980595731FDFB7580056E84D /* GoogleAdMobDemo.app */;
			productType = "com.apple.product-type.application";
		};
/* End PBXNativeTarget section */

/* Begin PBXProject section */
		9805956B1FDFB7580056E84D /* Project object */ = {
			isa = PBXProject;
			attributes = {
				LastSwiftUpdateCheck = 0920;
				LastUpgradeCheck = 0920;
				ORGANIZATIONNAME = mobinius;
				TargetAttributes = {
					980595721FDFB7580056E84D = {
						CreatedOnToolsVersion = 9.2;
						ProvisioningStyle = Automatic;
					};
				};
			};
			buildConfigurationList = 9805956E1FDFB7580056E84D /* Build configuration list for PBXProject "GoogleAdMobDemo" */;
			compatibilityVersion = "Xcode 8.0";
			developmentRegion = en;
			hasScannedForEncodings = 0;
			knownRegions = (
				en,
				Base,
			);
			mainGroup = 9805956A1FDFB7580056E84D;
			productRefGroup = 980595741FDFB7580056E84D /* Products */;
			projectDirPath = "";
			projectRoot = "";
			targets = (
				980595721FDFB7580056E84D /* GoogleAdMobDemo */,
			);
		};
/* End PBXProject section */

/* Begin PBXResourcesBuildPhase section */
		980595711FDFB7580056E84D /* Resources */ = {
			isa = PBXResourcesBuildPhase;
			buildActionMask = 2147483647;
			files = (
				980595811FDFB7580056E84D /* LaunchScreen.storyboard in Resources */,
				9872713E1FE285A10065A97D /* SampleCell.xib in Resources */,
				9805957E1FDFB7580056E84D /* Assets.xcassets in Resources */,
				9805957C1FDFB7580056E84D /* Main.storyboard in Resources */,
			);
			runOnlyForDeploymentPostprocessing = 0;
		};
/* End PBXResourcesBuildPhase section */

/* Begin PBXShellScriptBuildPhase section */
		4F6CC30736BE5C0C741528B8 /* [CP] Embed Pods Frameworks */ = {
			isa = PBXShellScriptBuildPhase;
			buildActionMask = 2147483647;
			files = (
			);
			inputPaths = (
			);
			name = "[CP] Embed Pods Frameworks";
			outputPaths = (
			);
			runOnlyForDeploymentPostprocessing = 0;
			shellPath = /bin/sh;
			shellScript = "\"${SRCROOT}/Pods/Target Support Files/Pods-GoogleAdMobDemo/Pods-GoogleAdMobDemo-frameworks.sh\"\n";
			showEnvVarsInLog = 0;
		};
		7226710BD18FBE4C27838DD4 /* [CP] Check Pods Manifest.lock */ = {
			isa = PBXShellScriptBuildPhase;
			buildActionMask = 2147483647;
			files = (
			);
			inputPaths = (
				"${PODS_PODFILE_DIR_PATH}/Podfile.lock",
				"${PODS_ROOT}/Manifest.lock",
			);
			name = "[CP] Check Pods Manifest.lock";
			outputPaths = (
				"$(DERIVED_FILE_DIR)/Pods-GoogleAdMobDemo-checkManifestLockResult.txt",
			);
			runOnlyForDeploymentPostprocessing = 0;
			shellPath = /bin/sh;
			shellScript = "diff \"${PODS_PODFILE_DIR_PATH}/Podfile.lock\" \"${PODS_ROOT}/Manifest.lock\" > /dev/null\nif [ $? != 0 ] ; then\n    # print error to STDERR\n    echo \"error: The sandbox is not in sync with the Podfile.lock. Run 'pod install' or update your CocoaPods installation.\" >&2\n    exit 1\nfi\n# This output is used by Xcode 'outputs' to avoid re-running this script phase.\necho \"SUCCESS\" > \"${SCRIPT_OUTPUT_FILE_0}\"\n";
			showEnvVarsInLog = 0;
		};
		C3F92C170F12FCC40D294D29 /* [CP] Copy Pods Resources */ = {
			isa = PBXShellScriptBuildPhase;
			buildActionMask = 2147483647;
			files = (
			);
			inputPaths = (
			);
			name = "[CP] Copy Pods Resources";
			outputPaths = (
			);
			runOnlyForDeploymentPostprocessing = 0;
			shellPath = /bin/sh;
			shellScript = "\"${SRCROOT}/Pods/Target Support Files/Pods-GoogleAdMobDemo/Pods-GoogleAdMobDemo-resources.sh\"\n";
			showEnvVarsInLog = 0;
		};
/* End PBXShellScriptBuildPhase section */

/* Begin PBXSourcesBuildPhase section */
		9805956F1FDFB7580056E84D /* Sources */ = {
			isa = PBXSourcesBuildPhase;
			buildActionMask = 2147483647;
			files = (
				987271491FE2916C0065A97D /* GoogleAdMobDemo-Bridging-Header.h in Sources */,
				9805958B1FDFF85A0056E84D /* ViewController.swift in Sources */,
				987271401FE285C50065A97D /* SingleAdsViewController.swift in Sources */,
				9872713C1FE2853F0065A97D /* TableViewAdsViewController.swift in Sources */,
				987271391FE2853F0065A97D /* SampleCell.swift in Sources */,
				980595891FDFF4870056E84D /* NewTableViewCell.swift in Sources */,
				9872713B1FE2853F0065A97D /* FullScreenAdsViewController.swift in Sources */,
				980595771FDFB7580056E84D /* AppDelegate.swift in Sources */,
			);
			runOnlyForDeploymentPostprocessing = 0;
		};
/* End PBXSourcesBuildPhase section */

/* Begin PBXVariantGroup section */
		9805957A1FDFB7580056E84D /* Main.storyboard */ = {
			isa = PBXVariantGroup;
			children = (
				9805957B1FDFB7580056E84D /* Base */,
			);
			name = Main.storyboard;
			sourceTree = "<group>";
		};
		9805957F1FDFB7580056E84D /* LaunchScreen.storyboard */ = {
			isa = PBXVariantGroup;
			children = (
				980595801FDFB7580056E84D /* Base */,
			);
			name = LaunchScreen.storyboard;
			sourceTree = "<group>";
		};
/* End PBXVariantGroup section */

/* Begin XCBuildConfiguration section */
		980595831FDFB7580056E84D /* Debug */ = {
			isa = XCBuildConfiguration;
			buildSettings = {
				ALWAYS_SEARCH_USER_PATHS = NO;
				CLANG_ANALYZER_NONNULL = YES;
				CLANG_ANALYZER_NUMBER_OBJECT_CONVERSION = YES_AGGRESSIVE;
				CLANG_CXX_LANGUAGE_STANDARD = "gnu++14";
				CLANG_CXX_LIBRARY = "libc++";
				CLANG_ENABLE_MODULES = YES;
				CLANG_ENABLE_OBJC_ARC = YES;
				CLANG_WARN_BLOCK_CAPTURE_AUTORELEASING = YES;
				CLANG_WARN_BOOL_CONVERSION = YES;
				CLANG_WARN_COMMA = YES;
				CLANG_WARN_CONSTANT_CONVERSION = YES;
				CLANG_WARN_DIRECT_OBJC_ISA_USAGE = YES_ERROR;
				CLANG_WARN_DOCUMENTATION_COMMENTS = YES;
				CLANG_WARN_EMPTY_BODY = YES;
				CLANG_WARN_ENUM_CONVERSION = YES;
				CLANG_WARN_INFINITE_RECURSION = YES;
				CLANG_WARN_INT_CONVERSION = YES;
				CLANG_WARN_NON_LITERAL_NULL_CONVERSION = YES;
				CLANG_WARN_OBJC_LITERAL_CONVERSION = YES;
				CLANG_WARN_OBJC_ROOT_CLASS = YES_ERROR;
				CLANG_WARN_RANGE_LOOP_ANALYSIS = YES;
				CLANG_WARN_STRICT_PROTOTYPES = YES;
				CLANG_WARN_SUSPICIOUS_MOVE = YES;
				CLANG_WARN_UNGUARDED_AVAILABILITY = YES_AGGRESSIVE;
				CLANG_WARN_UNREACHABLE_CODE = YES;
				CLANG_WARN__DUPLICATE_METHOD_MATCH = YES;
				CODE_SIGN_IDENTITY = "iPhone Developer";
				COPY_PHASE_STRIP = NO;
				DEBUG_INFORMATION_FORMAT = dwarf;
				ENABLE_STRICT_OBJC_MSGSEND = YES;
				ENABLE_TESTABILITY = YES;
				GCC_C_LANGUAGE_STANDARD = gnu11;
				GCC_DYNAMIC_NO_PIC = NO;
				GCC_NO_COMMON_BLOCKS = YES;
				GCC_OPTIMIZATION_LEVEL = 0;
				GCC_PREPROCESSOR_DEFINITIONS = (
					"DEBUG=1",
					"$(inherited)",
				);
				GCC_WARN_64_TO_32_BIT_CONVERSION = YES;
				GCC_WARN_ABOUT_RETURN_TYPE = YES_ERROR;
				GCC_WARN_UNDECLARED_SELECTOR = YES;
				GCC_WARN_UNINITIALIZED_AUTOS = YES_AGGRESSIVE;
				GCC_WARN_UNUSED_FUNCTION = YES;
				GCC_WARN_UNUSED_VARIABLE = YES;
				IPHONEOS_DEPLOYMENT_TARGET = 11.2;
				MTL_ENABLE_DEBUG_INFO = YES;
				ONLY_ACTIVE_ARCH = YES;
				SDKROOT = iphoneos;
				SWIFT_ACTIVE_COMPILATION_CONDITIONS = DEBUG;
				SWIFT_OBJC_BRIDGING_HEADER = "GoogleAdMobDemo/GoogleAdMobDemo-Bridging-Header.h";
				SWIFT_OPTIMIZATION_LEVEL = "-Onone";
			};
			name = Debug;
		};
		980595841FDFB7580056E84D /* Release */ = {
			isa = XCBuildConfiguration;
			buildSettings = {
				ALWAYS_SEARCH_USER_PATHS = NO;
				CLANG_ANALYZER_NONNULL = YES;
				CLANG_ANALYZER_NUMBER_OBJECT_CONVERSION = YES_AGGRESSIVE;
				CLANG_CXX_LANGUAGE_STANDARD = "gnu++14";
				CLANG_CXX_LIBRARY = "libc++";
				CLANG_ENABLE_MODULES = YES;
				CLANG_ENABLE_OBJC_ARC = YES;
				CLANG_WARN_BLOCK_CAPTURE_AUTORELEASING = YES;
				CLANG_WARN_BOOL_CONVERSION = YES;
				CLANG_WARN_COMMA = YES;
				CLANG_WARN_CONSTANT_CONVERSION = YES;
				CLANG_WARN_DIRECT_OBJC_ISA_USAGE = YES_ERROR;
				CLANG_WARN_DOCUMENTATION_COMMENTS = YES;
				CLANG_WARN_EMPTY_BODY = YES;
				CLANG_WARN_ENUM_CONVERSION = YES;
				CLANG_WARN_INFINITE_RECURSION = YES;
				CLANG_WARN_INT_CONVERSION = YES;
				CLANG_WARN_NON_LITERAL_NULL_CONVERSION = YES;
				CLANG_WARN_OBJC_LITERAL_CONVERSION = YES;
				CLANG_WARN_OBJC_ROOT_CLASS = YES_ERROR;
				CLANG_WARN_RANGE_LOOP_ANALYSIS = YES;
				CLANG_WARN_STRICT_PROTOTYPES = YES;
				CLANG_WARN_SUSPICIOUS_MOVE = YES;
				CLANG_WARN_UNGUARDED_AVAILABILITY = YES_AGGRESSIVE;
				CLANG_WARN_UNREACHABLE_CODE = YES;
				CLANG_WARN__DUPLICATE_METHOD_MATCH = YES;
				CODE_SIGN_IDENTITY = "iPhone Developer";
				COPY_PHASE_STRIP = NO;
				DEBUG_INFORMATION_FORMAT = "dwarf-with-dsym";
				ENABLE_NS_ASSERTIONS = NO;
				ENABLE_STRICT_OBJC_MSGSEND = YES;
				GCC_C_LANGUAGE_STANDARD = gnu11;
				GCC_NO_COMMON_BLOCKS = YES;
				GCC_WARN_64_TO_32_BIT_CONVERSION = YES;
				GCC_WARN_ABOUT_RETURN_TYPE = YES_ERROR;
				GCC_WARN_UNDECLARED_SELECTOR = YES;
				GCC_WARN_UNINITIALIZED_AUTOS = YES_AGGRESSIVE;
				GCC_WARN_UNUSED_FUNCTION = YES;
				GCC_WARN_UNUSED_VARIABLE = YES;
				IPHONEOS_DEPLOYMENT_TARGET = 11.2;
				MTL_ENABLE_DEBUG_INFO = NO;
				ONLY_ACTIVE_ARCH = YES;
				SDKROOT = iphoneos;
				SWIFT_OBJC_BRIDGING_HEADER = "GoogleAdMobDemo/GoogleAdMobDemo-Bridging-Header.h";
				SWIFT_OPTIMIZATION_LEVEL = "-Owholemodule";
				VALIDATE_PRODUCT = YES;
			};
			name = Release;
		};
		980595861FDFB7580056E84D /* Debug */ = {
			isa = XCBuildConfiguration;
			baseConfigurationReference = 028BB309F5D66A9D01875450 /* Pods-GoogleAdMobDemo.debug.xcconfig */;
			buildSettings = {
				ASSETCATALOG_COMPILER_APPICON_NAME = AppIcon;
				CODE_SIGN_STYLE = Automatic;
				DEVELOPMENT_TEAM = L7G38S6868;
				ENABLE_BITCODE = NO;
				INFOPLIST_FILE = GoogleAdMobDemo/Info.plist;
				IPHONEOS_DEPLOYMENT_TARGET = 9.3;
				LD_RUNPATH_SEARCH_PATHS = "$(inherited) @executable_path/Frameworks";
				PRODUCT_BUNDLE_IDENTIFIER = com.mob.GoogleAdMobDemo;
				PRODUCT_NAME = "$(TARGET_NAME)";
				SWIFT_OBJC_BRIDGING_HEADER = "GoogleAdMobDemo/GoogleAdMobDemo-Bridging-Header.h";
				SWIFT_VERSION = 4.0;
				TARGETED_DEVICE_FAMILY = "1,2";
			};
			name = Debug;
		};
		980595871FDFB7580056E84D /* Release */ = {
			isa = XCBuildConfiguration;
			baseConfigurationReference = 4AE3609B462CA2DC53E9D655 /* Pods-GoogleAdMobDemo.release.xcconfig */;
			buildSettings = {
				ASSETCATALOG_COMPILER_APPICON_NAME = AppIcon;
				CODE_SIGN_STYLE = Automatic;
				DEVELOPMENT_TEAM = L7G38S6868;
				ENABLE_BITCODE = NO;
				INFOPLIST_FILE = GoogleAdMobDemo/Info.plist;
				IPHONEOS_DEPLOYMENT_TARGET = 9.3;
				LD_RUNPATH_SEARCH_PATHS = "$(inherited) @executable_path/Frameworks";
				PRODUCT_BUNDLE_IDENTIFIER = com.mob.GoogleAdMobDemo;
				PRODUCT_NAME = "$(TARGET_NAME)";
				SWIFT_OBJC_BRIDGING_HEADER = "GoogleAdMobDemo/GoogleAdMobDemo-Bridging-Header.h";
				SWIFT_VERSION = 4.0;
				TARGETED_DEVICE_FAMILY = "1,2";
			};
			name = Release;
		};
/* End XCBuildConfiguration section */

/* Begin XCConfigurationList section */
		9805956E1FDFB7580056E84D /* Build configuration list for PBXProject "GoogleAdMobDemo" */ = {
			isa = XCConfigurationList;
			buildConfigurations = (
				980595831FDFB7580056E84D /* Debug */,
				980595841FDFB7580056E84D /* Release */,
			);
			defaultConfigurationIsVisible = 0;
			defaultConfigurationName = Release;
		};
		980595851FDFB7580056E84D /* Build configuration list for PBXNativeTarget "GoogleAdMobDemo" */ = {
			isa = XCConfigurationList;
			buildConfigurations = (
				980595861FDFB7580056E84D /* Debug */,
				980595871FDFB7580056E84D /* Release */,
			);
			defaultConfigurationIsVisible = 0;
			defaultConfigurationName = Release;
		};
/* End XCConfigurationList section */
	};
	rootObject = 9805956B1FDFB7580056E84D /* Project object */;
}
